
Microsoft Visual Studio Solution File, Format Version 12.00
Project("{FAE04EC0-301F-11D3-BF4B-00C04F79EFBC}") = "learning-dotnet-web", "learning-dotnet-web\learning-dotnet-web.csproj", "{337B6AD4-A722-4DAB-8096-417D56E7110D}"
EndProject
Global
	GlobalSection(SolutionConfigurationPlatforms) = preSolution
		Debug|Any CPU = Debug|Any CPU
		Release|Any CPU = Release|Any CPU
	EndGlobalSection
	GlobalSection(ProjectConfigurationPlatforms) = postSolution
		{337B6AD4-A722-4DAB-8096-417D56E7110D}.Debug|Any CPU.ActiveCfg = Debug|Any CPU
		{337B6AD4-A722-4DAB-8096-417D56E7110D}.Debug|Any CPU.Build.0 = Debug|Any CPU
		{337B6AD4-A722-4DAB-8096-417D56E7110D}.Release|Any CPU.ActiveCfg = Release|Any CPU
		{337B6AD4-A722-4DAB-8096-417D56E7110D}.Release|Any CPU.Build.0 = Release|Any CPU
	EndGlobalSection
EndGlobal
